
Microsoft Visual Studio Solution File, Format Version 12.00
# Visual Studio Version 17
VisualStudioVersion = 17.0.31903.59
MinimumVisualStudioVersion = 10.0.40219.1
Project("{FAE04EC0-301F-11D3-BF4B-00C04F79EFBC}") = "WriteLite.App", "src\WriteLite.App\WriteLite.App.csproj", "{1AE37DF2-802F-4E1D-BFE0-31DDBD10C748}"
EndProject
Project("{FAE04EC0-301F-11D3-BF4B-00C04F79EFBC}") = "WriteLite.Tests", "tests\WriteLite.Tests\WriteLite.Tests.csproj", "{8EB90A09-3508-4F67-A792-583ED89782D6}"
EndProject
Project("{FAE04EC0-301F-11D3-BF4B-00C04F79EFBC}") = "WriteLite.AI.Contracts", "src\WriteLite.AI.Contracts\WriteLite.AI.Contracts.csproj", "{A1B2C3D4-E5F6-7890-ABCD-EF1234567890}"
EndProject
Project("{FAE04EC0-301F-11D3-BF4B-00C04F79EFBC}") = "WriteLite.AI.Local", "src\WriteLite.AI.Local\WriteLite.AI.Local.csproj", "{B2C3D4E5-F6A7-8901-BCDE-F12345678901}"
EndProject
Project("{FAE04EC0-301F-11D3-BF4B-00C04F79EFBC}") = "WriteLite.TestHost", "src\WriteLite.TestHost\WriteLite.TestHost.csproj", "{C3D4E5F6-A7B8-9012-CDEF-234567890123}"
EndProject
Project("{2150E333-8FDC-42A3-9474-1A3956D46DE8}") = "src", "src", "{827E0CD3-B72D-47B6-A68D-7590B98EB39B}"
EndProject
Project("{FAE04EC0-301F-11D3-BF4B-00C04F79EFBC}") = "WriteLite.Language.Core", "src\WriteLite.Language.Core\WriteLite.Language.Core.csproj", "{0AD0295F-AE64-42B2-A294-6F201790488B}"
EndProject
Project("{FAE04EC0-301F-11D3-BF4B-00C04F79EFBC}") = "WriteLite.Language.Russian", "src\WriteLite.Language.Russian\WriteLite.Language.Russian.csproj", "{5E548060-959D-443A-96A4-AAB1FE31C316}"
EndProject
Project("{FAE04EC0-301F-11D3-BF4B-00C04F79EFBC}") = "WriteLite.Language.Lexical", "src\WriteLite.Language.Lexical\WriteLite.Language.Lexical.csproj", "{BEE52123-92AB-4C4A-B4E4-67C7C2E90BE5}"
EndProject
Project("{FAE04EC0-301F-11D3-BF4B-00C04F79EFBC}") = "WriteLite.Language.Punctuation", "src\WriteLite.Language.Punctuation\WriteLite.Language.Punctuation.csproj", "{87243843-2936-416E-8BA7-47DFE17D8A55}"
EndProject
Project("{FAE04EC0-301F-11D3-BF4B-00C04F79EFBC}") = "WriteLite.Language.Packs", "src\WriteLite.Language.Packs\WriteLite.Language.Packs.csproj", "{324C0DD4-7045-4994-B9BB-05C4F90C8A55}"
EndProject
Global
	GlobalSection(SolutionConfigurationPlatforms) = preSolution
		Debug|Any CPU = Debug|Any CPU
		Debug|x64 = Debug|x64
		Debug|x86 = Debug|x86
		Release|Any CPU = Release|Any CPU
		Release|x64 = Release|x64
		Release|x86 = Release|x86
	EndGlobalSection
	GlobalSection(ProjectConfigurationPlatforms) = postSolution
		{1AE37DF2-802F-4E1D-BFE0-31DDBD10C748}.Debug|Any CPU.ActiveCfg = Debug|Any CPU
		{1AE37DF2-802F-4E1D-BFE0-31DDBD10C748}.Debug|Any CPU.Build.0 = Debug|Any CPU
		{1AE37DF2-802F-4E1D-BFE0-31DDBD10C748}.Debug|x64.ActiveCfg = Debug|Any CPU
		{1AE37DF2-802F-4E1D-BFE0-31DDBD10C748}.Debug|x64.Build.0 = Debug|Any CPU
		{1AE37DF2-802F-4E1D-BFE0-31DDBD10C748}.Debug|x86.ActiveCfg = Debug|Any CPU
		{1AE37DF2-802F-4E1D-BFE0-31DDBD10C748}.Debug|x86.Build.0 = Debug|Any CPU
		{1AE37DF2-802F-4E1D-BFE0-31DDBD10C748}.Release|Any CPU.ActiveCfg = Release|Any CPU
		{1AE37DF2-802F-4E1D-BFE0-31DDBD10C748}.Release|Any CPU.Build.0 = Release|Any CPU
		{1AE37DF2-802F-4E1D-BFE0-31DDBD10C748}.Release|x64.ActiveCfg = Release|Any CPU
		{1AE37DF2-802F-4E1D-BFE0-31DDBD10C748}.Release|x64.Build.0 = Release|Any CPU
		{1AE37DF2-802F-4E1D-BFE0-31DDBD10C748}.Release|x86.ActiveCfg = Release|Any CPU
		{1AE37DF2-802F-4E1D-BFE0-31DDBD10C748}.Release|x86.Build.0 = Release|Any CPU
		{8EB90A09-3508-4F67-A792-583ED89782D6}.Debug|Any CPU.ActiveCfg = Debug|Any CPU
		{8EB90A09-3508-4F67-A792-583ED89782D6}.Debug|Any CPU.Build.0 = Debug|Any CPU
		{8EB90A09-3508-4F67-A792-583ED89782D6}.Debug|x64.ActiveCfg = Debug|Any CPU
		{8EB90A09-3508-4F67-A792-583ED89782D6}.Debug|x64.Build.0 = Debug|Any CPU
		{8EB90A09-3508-4F67-A792-583ED89782D6}.Debug|x86.ActiveCfg = Debug|Any CPU
		{8EB90A09-3508-4F67-A792-583ED89782D6}.Debug|x86.Build.0 = Debug|Any CPU
		{8EB90A09-3508-4F67-A792-583ED89782D6}.Release|Any CPU.ActiveCfg = Release|Any CPU
		{8EB90A09-3508-4F67-A792-583ED89782D6}.Release|Any CPU.Build.0 = Release|Any CPU
		{8EB90A09-3508-4F67-A792-583ED89782D6}.Release|x64.ActiveCfg = Release|Any CPU
		{8EB90A09-3508-4F67-A792-583ED89782D6}.Release|x64.Build.0 = Release|Any CPU
		{8EB90A09-3508-4F67-A792-583ED89782D6}.Release|x86.ActiveCfg = Release|Any CPU
		{8EB90A09-3508-4F67-A792-583ED89782D6}.Release|x86.Build.0 = Release|Any CPU
		{A1B2C3D4-E5F6-7890-ABCD-EF1234567890}.Debug|Any CPU.ActiveCfg = Debug|Any CPU
		{A1B2C3D4-E5F6-7890-ABCD-EF1234567890}.Debug|Any CPU.Build.0 = Debug|Any CPU
		{A1B2C3D4-E5F6-7890-ABCD-EF1234567890}.Debug|x64.ActiveCfg = Debug|Any CPU
		{A1B2C3D4-E5F6-7890-ABCD-EF1234567890}.Debug|x64.Build.0 = Debug|Any CPU
		{A1B2C3D4-E5F6-7890-ABCD-EF1234567890}.Debug|x86.ActiveCfg = Debug|Any CPU
		{A1B2C3D4-E5F6-7890-ABCD-EF1234567890}.Debug|x86.Build.0 = Debug|Any CPU
		{A1B2C3D4-E5F6-7890-ABCD-EF1234567890}.Release|Any CPU.ActiveCfg = Release|Any CPU
		{A1B2C3D4-E5F6-7890-ABCD-EF1234567890}.Release|Any CPU.Build.0 = Release|Any CPU
		{A1B2C3D4-E5F6-7890-ABCD-EF1234567890}.Release|x64.ActiveCfg = Release|Any CPU
		{A1B2C3D4-E5F6-7890-ABCD-EF1234567890}.Release|x64.Build.0 = Release|Any CPU
		{A1B2C3D4-E5F6-7890-ABCD-EF1234567890}.Release|x86.ActiveCfg = Release|Any CPU
		{A1B2C3D4-E5F6-7890-ABCD-EF1234567890}.Release|x86.Build.0 = Release|Any CPU
		{B2C3D4E5-F6A7-8901-BCDE-F12345678901}.Debug|Any CPU.ActiveCfg = Debug|Any CPU
		{B2C3D4E5-F6A7-8901-BCDE-F12345678901}.Debug|Any CPU.Build.0 = Debug|Any CPU
		{B2C3D4E5-F6A7-8901-BCDE-F12345678901}.Debug|x64.ActiveCfg = Debug|Any CPU
		{B2C3D4E5-F6A7-8901-BCDE-F12345678901}.Debug|x64.Build.0 = Debug|Any CPU
		{B2C3D4E5-F6A7-8901-BCDE-F12345678901}.Debug|x86.ActiveCfg = Debug|Any CPU
		{B2C3D4E5-F6A7-8901-BCDE-F12345678901}.Debug|x86.Build.0 = Debug|Any CPU
		{B2C3D4E5-F6A7-8901-BCDE-F12345678901}.Release|Any CPU.ActiveCfg = Release|Any CPU
		{B2C3D4E5-F6A7-8901-BCDE-F12345678901}.Release|Any CPU.Build.0 = Release|Any CPU
		{B2C3D4E5-F6A7-8901-BCDE-F12345678901}.Release|x64.ActiveCfg = Release|Any CPU
		{B2C3D4E5-F6A7-8901-BCDE-F12345678901}.Release|x64.Build.0 = Release|Any CPU
		{B2C3D4E5-F6A7-8901-BCDE-F12345678901}.Release|x86.ActiveCfg = Release|Any CPU
		{B2C3D4E5-F6A7-8901-BCDE-F12345678901}.Release|x86.Build.0 = Release|Any CPU
		{C3D4E5F6-A7B8-9012-CDEF-234567890123}.Debug|Any CPU.ActiveCfg = Debug|Any CPU
		{C3D4E5F6-A7B8-9012-CDEF-234567890123}.Debug|Any CPU.Build.0 = Debug|Any CPU
		{C3D4E5F6-A7B8-9012-CDEF-234567890123}.Debug|x64.ActiveCfg = Debug|Any CPU
		{C3D4E5F6-A7B8-9012-CDEF-234567890123}.Debug|x64.Build.0 = Debug|Any CPU
		{C3D4E5F6-A7B8-9012-CDEF-234567890123}.Debug|x86.ActiveCfg = Debug|Any CPU
		{C3D4E5F6-A7B8-9012-CDEF-234567890123}.Debug|x86.Build.0 = Debug|Any CPU
		{C3D4E5F6-A7B8-9012-CDEF-234567890123}.Release|Any CPU.ActiveCfg = Release|Any CPU
		{C3D4E5F6-A7B8-9012-CDEF-234567890123}.Release|Any CPU.Build.0 = Release|Any CPU
		{C3D4E5F6-A7B8-9012-CDEF-234567890123}.Release|x64.ActiveCfg = Release|Any CPU
		{C3D4E5F6-A7B8-9012-CDEF-234567890123}.Release|x64.Build.0 = Release|Any CPU
		{C3D4E5F6-A7B8-9012-CDEF-234567890123}.Release|x86.ActiveCfg = Release|Any CPU
		{C3D4E5F6-A7B8-9012-CDEF-234567890123}.Release|x86.Build.0 = Release|Any CPU
		{0AD0295F-AE64-42B2-A294-6F201790488B}.Debug|Any CPU.ActiveCfg = Debug|Any CPU
		{0AD0295F-AE64-42B2-A294-6F201790488B}.Debug|Any CPU.Build.0 = Debug|Any CPU
		{0AD0295F-AE64-42B2-A294-6F201790488B}.Debug|x64.ActiveCfg = Debug|Any CPU
		{0AD0295F-AE64-42B2-A294-6F201790488B}.Debug|x64.Build.0 = Debug|Any CPU
		{0AD0295F-AE64-42B2-A294-6F201790488B}.Debug|x86.ActiveCfg = Debug|Any CPU
		{0AD0295F-AE64-42B2-A294-6F201790488B}.Debug|x86.Build.0 = Debug|Any CPU
		{0AD0295F-AE64-42B2-A294-6F201790488B}.Release|Any CPU.ActiveCfg = Release|Any CPU
		{0AD0295F-AE64-42B2-A294-6F201790488B}.Release|Any CPU.Build.0 = Release|Any CPU
		{0AD0295F-AE64-42B2-A294-6F201790488B}.Release|x64.ActiveCfg = Release|Any CPU
		{0AD0295F-AE64-42B2-A294-6F201790488B}.Release|x64.Build.0 = Release|Any CPU
		{0AD0295F-AE64-42B2-A294-6F201790488B}.Release|x86.ActiveCfg = Release|Any CPU
		{0AD0295F-AE64-42B2-A294-6F201790488B}.Release|x86.Build.0 = Release|Any CPU
		{5E548060-959D-443A-96A4-AAB1FE31C316}.Debug|Any CPU.ActiveCfg = Debug|Any CPU
		{5E548060-959D-443A-96A4-AAB1FE31C316}.Debug|Any CPU.Build.0 = Debug|Any CPU
		{5E548060-959D-443A-96A4-AAB1FE31C316}.Debug|x64.ActiveCfg = Debug|Any CPU
		{5E548060-959D-443A-96A4-AAB1FE31C316}.Debug|x64.Build.0 = Debug|Any CPU
		{5E548060-959D-443A-96A4-AAB1FE31C316}.Debug|x86.ActiveCfg = Debug|Any CPU
		{5E548060-959D-443A-96A4-AAB1FE31C316}.Debug|x86.Build.0 = Debug|Any CPU
		{5E548060-959D-443A-96A4-AAB1FE31C316}.Release|Any CPU.ActiveCfg = Release|Any CPU
		{5E548060-959D-443A-96A4-AAB1FE31C316}.Release|Any CPU.Build.0 = Release|Any CPU
		{5E548060-959D-443A-96A4-AAB1FE31C316}.Release|x64.ActiveCfg = Release|Any CPU
		{5E548060-959D-443A-96A4-AAB1FE31C316}.Release|x64.Build.0 = Release|Any CPU
		{5E548060-959D-443A-96A4-AAB1FE31C316}.Release|x86.ActiveCfg = Release|Any CPU
		{5E548060-959D-443A-96A4-AAB1FE31C316}.Release|x86.Build.0 = Release|Any CPU
		{BEE52123-92AB-4C4A-B4E4-67C7C2E90BE5}.Debug|Any CPU.ActiveCfg = Debug|Any CPU
		{BEE52123-92AB-4C4A-B4E4-67C7C2E90BE5}.Debug|Any CPU.Build.0 = Debug|Any CPU
		{BEE52123-92AB-4C4A-B4E4-67C7C2E90BE5}.Debug|x64.ActiveCfg = Debug|Any CPU
		{BEE52123-92AB-4C4A-B4E4-67C7C2E90BE5}.Debug|x64.Build.0 = Debug|Any CPU
		{BEE52123-92AB-4C4A-B4E4-67C7C2E90BE5}.Debug|x86.ActiveCfg = Debug|Any CPU
		{BEE52123-92AB-4C4A-B4E4-67C7C2E90BE5}.Debug|x86.Build.0 = Debug|Any CPU
		{BEE52123-92AB-4C4A-B4E4-67C7C2E90BE5}.Release|Any CPU.ActiveCfg = Release|Any CPU
		{BEE52123-92AB-4C4A-B4E4-67C7C2E90BE5}.Release|Any CPU.Build.0 = Release|Any CPU
		{BEE52123-92AB-4C4A-B4E4-67C7C2E90BE5}.Release|x64.ActiveCfg = Release|Any CPU
		{BEE52123-92AB-4C4A-B4E4-67C7C2E90BE5}.Release|x64.Build.0 = Release|Any CPU
		{BEE52123-92AB-4C4A-B4E4-67C7C2E90BE5}.Release|x86.ActiveCfg = Release|Any CPU
		{BEE52123-92AB-4C4A-B4E4-67C7C2E90BE5}.Release|x86.Build.0 = Release|Any CPU
		{87243843-2936-416E-8BA7-47DFE17D8A55}.Debug|Any CPU.ActiveCfg = Debug|Any CPU
		{87243843-2936-416E-8BA7-47DFE17D8A55}.Debug|Any CPU.Build.0 = Debug|Any CPU
		{87243843-2936-416E-8BA7-47DFE17D8A55}.Debug|x64.ActiveCfg = Debug|Any CPU
		{87243843-2936-416E-8BA7-47DFE17D8A55}.Debug|x64.Build.0 = Debug|Any CPU
		{87243843-2936-416E-8BA7-47DFE17D8A55}.Debug|x86.ActiveCfg = Debug|Any CPU
		{87243843-2936-416E-8BA7-47DFE17D8A55}.Debug|x86.Build.0 = Debug|Any CPU
		{87243843-2936-416E-8BA7-47DFE17D8A55}.Release|Any CPU.ActiveCfg = Release|Any CPU
		{87243843-2936-416E-8BA7-47DFE17D8A55}.Release|Any CPU.Build.0 = Release|Any CPU
		{87243843-2936-416E-8BA7-47DFE17D8A55}.Release|x64.ActiveCfg = Release|Any CPU
		{87243843-2936-416E-8BA7-47DFE17D8A55}.Release|x64.Build.0 = Release|Any CPU
		{87243843-2936-416E-8BA7-47DFE17D8A55}.Release|x86.ActiveCfg = Release|Any CPU
		{87243843-2936-416E-8BA7-47DFE17D8A55}.Release|x86.Build.0 = Release|Any CPU
		{324C0DD4-7045-4994-B9BB-05C4F90C8A55}.Debug|Any CPU.ActiveCfg = Debug|Any CPU
		{324C0DD4-7045-4994-B9BB-05C4F90C8A55}.Debug|Any CPU.Build.0 = Debug|Any CPU
		{324C0DD4-7045-4994-B9BB-05C4F90C8A55}.Debug|x64.ActiveCfg = Debug|Any CPU
		{324C0DD4-7045-4994-B9BB-05C4F90C8A55}.Debug|x64.Build.0 = Debug|Any CPU
		{324C0DD4-7045-4994-B9BB-05C4F90C8A55}.Debug|x86.ActiveCfg = Debug|Any CPU
		{324C0DD4-7045-4994-B9BB-05C4F90C8A55}.Debug|x86.Build.0 = Debug|Any CPU
		{324C0DD4-7045-4994-B9BB-05C4F90C8A55}.Release|Any CPU.ActiveCfg = Release|Any CPU
		{324C0DD4-7045-4994-B9BB-05C4F90C8A55}.Release|Any CPU.Build.0 = Release|Any CPU
		{324C0DD4-7045-4994-B9BB-05C4F90C8A55}.Release|x64.ActiveCfg = Release|Any CPU
		{324C0DD4-7045-4994-B9BB-05C4F90C8A55}.Release|x64.Build.0 = Release|Any CPU
		{324C0DD4-7045-4994-B9BB-05C4F90C8A55}.Release|x86.ActiveCfg = Release|Any CPU
		{324C0DD4-7045-4994-B9BB-05C4F90C8A55}.Release|x86.Build.0 = Release|Any CPU
	EndGlobalSection
	GlobalSection(SolutionProperties) = preSolution
		HideSolutionNode = FALSE
	EndGlobalSection
	GlobalSection(NestedProjects) = preSolution
		{0AD0295F-AE64-42B2-A294-6F201790488B} = {827E0CD3-B72D-47B6-A68D-7590B98EB39B}
		{5E548060-959D-443A-96A4-AAB1FE31C316} = {827E0CD3-B72D-47B6-A68D-7590B98EB39B}
		{BEE52123-92AB-4C4A-B4E4-67C7C2E90BE5} = {827E0CD3-B72D-47B6-A68D-7590B98EB39B}
		{87243843-2936-416E-8BA7-47DFE17D8A55} = {827E0CD3-B72D-47B6-A68D-7590B98EB39B}
		{324C0DD4-7045-4994-B9BB-05C4F90C8A55} = {827E0CD3-B72D-47B6-A68D-7590B98EB39B}
	EndGlobalSection
EndGlobal
